
Microsoft Visual Studio Solution File, Format Version 12.00
# Visual Studio Version 17
VisualStudioVersion = 17.14.36212.18 d17.14
MinimumVisualStudioVersion = 10.0.40219.1
Project("{FAE04EC0-301F-11D3-BF4B-00C04F79EFBC}") = "ConsoleApp1", "ConsoleApp1\ConsoleApp1.csproj", "{6247A9A3-F4FE-4583-A935-22FC29B96F66}"
EndProject
Global
	GlobalSection(SolutionConfigurationPlatforms) = preSolution
		Debug|Any CPU = Debug|Any CPU
		Release|Any CPU = Release|Any CPU
	EndGlobalSection
	GlobalSection(ProjectConfigurationPlatforms) = postSolution
		{6247A9A3-F4FE-4583-A935-22FC29B96F66}.Debug|Any CPU.ActiveCfg = Debug|Any CPU
		{6247A9A3-F4FE-4583-A935-22FC29B96F66}.Debug|Any CPU.Build.0 = Debug|Any CPU
		{6247A9A3-F4FE-4583-A935-22FC29B96F66}.Release|Any CPU.ActiveCfg = Release|Any CPU
		{6247A9A3-F4FE-4583-A935-22FC29B96F66}.Release|Any CPU.Build.0 = Release|Any CPU
	EndGlobalSection
	GlobalSection(SolutionProperties) = preSolution
		HideSolutionNode = FALSE
	EndGlobalSection
	GlobalSection(ExtensibilityGlobals) = postSolution
		SolutionGuid = {7053797D-C649-4CF2-9FA0-5175434C2EDD}
	EndGlobalSection
EndGlobal
